
Microsoft Visual Studio Solution File, Format Version 12.00
# Visual Studio 15
VisualStudioVersion = 15.0.28307.1169
MinimumVisualStudioVersion = 10.0.40219.1
Project("{FAE04EC0-301F-11D3-BF4B-00C04F79EFBC}") = "Ternium", "Ternium\Ternium.csproj", "{765B9E2A-B51E-4714-86B1-891E0C632970}"
EndProject
Global
	GlobalSection(SolutionConfigurationPlatforms) = preSolution
		Debug|Any CPU = Debug|Any CPU
		Release|Any CPU = Release|Any CPU
	EndGlobalSection
	GlobalSection(ProjectConfigurationPlatforms) = postSolution
		{765B9E2A-B51E-4714-86B1-891E0C632970}.Debug|Any CPU.ActiveCfg = Debug|Any CPU
		{765B9E2A-B51E-4714-86B1-891E0C632970}.Debug|Any CPU.Build.0 = Debug|Any CPU
		{765B9E2A-B51E-4714-86B1-891E0C632970}.Release|Any CPU.ActiveCfg = Release|Any CPU
		{765B9E2A-B51E-4714-86B1-891E0C632970}.Release|Any CPU.Build.0 = Release|Any CPU
	EndGlobalSection
	GlobalSection(SolutionProperties) = preSolution
		HideSolutionNode = FALSE
	EndGlobalSection
	GlobalSection(ExtensibilityGlobals) = postSolution
		SolutionGuid = {1E610D53-DB70-43AE-BF8E-F3305C7BE2F5}
	EndGlobalSection
EndGlobal
